
Microsoft Visual Studio Solution File, Format Version 12.00
# Visual Studio Version 17
VisualStudioVersion = 17.7.34202.233
MinimumVisualStudioVersion = 10.0.40219.1
Project("{C9674DCB-5085-4A16-B785-4C70DD1589BD}") = "Laboratorio1", "Laboratorio1\Laboratorio1.dtproj", "{AF824B26-A5E0-4C10-9573-998493450947}"
EndProject
Global
	GlobalSection(SolutionConfigurationPlatforms) = preSolution
		Development|Default = Development|Default
	EndGlobalSection
	GlobalSection(ProjectConfigurationPlatforms) = postSolution
		{AF824B26-A5E0-4C10-9573-998493450947}.Development|Default.ActiveCfg = Development
		{AF824B26-A5E0-4C10-9573-998493450947}.Development|Default.Build.0 = Development
	EndGlobalSection
	GlobalSection(SolutionProperties) = preSolution
		HideSolutionNode = FALSE
	EndGlobalSection
	GlobalSection(ExtensibilityGlobals) = postSolution
		SolutionGuid = {60E0014B-2997-413F-9093-C460BF975EE3}
	EndGlobalSection
EndGlobal
